
Microsoft Visual Studio Solution File, Format Version 12.00
# Visual Studio Version 17
VisualStudioVersion = 17.5.33516.290
MinimumVisualStudioVersion = 10.0.40219.1
Project("{FAE04EC0-301F-11D3-BF4B-00C04F79EFBC}") = "GrpcChatProject", "GrpcChatProject\GrpcChatProject.csproj", "{D5713839-F38D-4263-AC36-258C2DE312FF}"
EndProject
Global
	GlobalSection(SolutionConfigurationPlatforms) = preSolution
		Debug|Any CPU = Debug|Any CPU
		Release|Any CPU = Release|Any CPU
	EndGlobalSection
	GlobalSection(ProjectConfigurationPlatforms) = postSolution
		{D5713839-F38D-4263-AC36-258C2DE312FF}.Debug|Any CPU.ActiveCfg = Debug|Any CPU
		{D5713839-F38D-4263-AC36-258C2DE312FF}.Debug|Any CPU.Build.0 = Debug|Any CPU
		{D5713839-F38D-4263-AC36-258C2DE312FF}.Release|Any CPU.ActiveCfg = Release|Any CPU
		{D5713839-F38D-4263-AC36-258C2DE312FF}.Release|Any CPU.Build.0 = Release|Any CPU
	EndGlobalSection
	GlobalSection(SolutionProperties) = preSolution
		HideSolutionNode = FALSE
	EndGlobalSection
	GlobalSection(ExtensibilityGlobals) = postSolution
		SolutionGuid = {04EF02B1-1B79-4CD7-AAED-88666CFD756F}
	EndGlobalSection
EndGlobal
