
Microsoft Visual Studio Solution File, Format Version 12.00
# Visual Studio Version 17
VisualStudioVersion = 17.5.33516.290
MinimumVisualStudioVersion = 10.0.40219.1
Project("{9A19103F-16F7-4668-BE54-9A1E7A4F7556}") = "ChatServer", "ChatServer\ChatServer.csproj", "{74E29A75-AC43-4FFC-BB93-204586034650}"
EndProject
Project("{9A19103F-16F7-4668-BE54-9A1E7A4F7556}") = "ChatClient", "ChatClient\ChatClient.csproj", "{6B350897-AA04-4761-8BA5-9CD06EB7CDF2}"
EndProject
Project("{9A19103F-16F7-4668-BE54-9A1E7A4F7556}") = "NewsBotClient", "NewsBotClient\NewsBotClient.csproj", "{829C0EF5-EF99-4B39-925F-47906E8E3F4A}"
EndProject
Project("{9A19103F-16F7-4668-BE54-9A1E7A4F7556}") = "AdminConsole", "AdminConsole\AdminConsole.csproj", "{F34CA945-5047-4570-AF77-8B3F5FA9AF0A}"
EndProject
Project("{9A19103F-16F7-4668-BE54-9A1E7A4F7556}") = "grpc.Wasm.Server", "grpc.Wasm\Server\grpc.Wasm.Server.csproj", "{6592F96B-D971-4DB9-A107-406F6FDECB6C}"
EndProject
Project("{9A19103F-16F7-4668-BE54-9A1E7A4F7556}") = "grpc.Wasm.Client", "grpc.Wasm\Client\grpc.Wasm.Client.csproj", "{E4F33127-33F6-4BC6-BF4D-4FFE558576B4}"
EndProject
Project("{9A19103F-16F7-4668-BE54-9A1E7A4F7556}") = "grpc.WebClient", "grpc.WebClient\grpc.WebClient.csproj", "{A6D4B007-4595-42A9-BA43-6273D084BA95}"
EndProject
Global
	GlobalSection(SolutionConfigurationPlatforms) = preSolution
		Debug|Any CPU = Debug|Any CPU
		Release|Any CPU = Release|Any CPU
	EndGlobalSection
	GlobalSection(ProjectConfigurationPlatforms) = postSolution
		{74E29A75-AC43-4FFC-BB93-204586034650}.Debug|Any CPU.ActiveCfg = Debug|Any CPU
		{74E29A75-AC43-4FFC-BB93-204586034650}.Debug|Any CPU.Build.0 = Debug|Any CPU
		{74E29A75-AC43-4FFC-BB93-204586034650}.Release|Any CPU.ActiveCfg = Release|Any CPU
		{74E29A75-AC43-4FFC-BB93-204586034650}.Release|Any CPU.Build.0 = Release|Any CPU
		{6B350897-AA04-4761-8BA5-9CD06EB7CDF2}.Debug|Any CPU.ActiveCfg = Debug|Any CPU
		{6B350897-AA04-4761-8BA5-9CD06EB7CDF2}.Debug|Any CPU.Build.0 = Debug|Any CPU
		{6B350897-AA04-4761-8BA5-9CD06EB7CDF2}.Release|Any CPU.ActiveCfg = Release|Any CPU
		{6B350897-AA04-4761-8BA5-9CD06EB7CDF2}.Release|Any CPU.Build.0 = Release|Any CPU
		{829C0EF5-EF99-4B39-925F-47906E8E3F4A}.Debug|Any CPU.ActiveCfg = Debug|Any CPU
		{829C0EF5-EF99-4B39-925F-47906E8E3F4A}.Debug|Any CPU.Build.0 = Debug|Any CPU
		{829C0EF5-EF99-4B39-925F-47906E8E3F4A}.Release|Any CPU.ActiveCfg = Release|Any CPU
		{829C0EF5-EF99-4B39-925F-47906E8E3F4A}.Release|Any CPU.Build.0 = Release|Any CPU
		{F34CA945-5047-4570-AF77-8B3F5FA9AF0A}.Debug|Any CPU.ActiveCfg = Debug|Any CPU
		{F34CA945-5047-4570-AF77-8B3F5FA9AF0A}.Debug|Any CPU.Build.0 = Debug|Any CPU
		{F34CA945-5047-4570-AF77-8B3F5FA9AF0A}.Release|Any CPU.ActiveCfg = Release|Any CPU
		{F34CA945-5047-4570-AF77-8B3F5FA9AF0A}.Release|Any CPU.Build.0 = Release|Any CPU
		{6592F96B-D971-4DB9-A107-406F6FDECB6C}.Debug|Any CPU.ActiveCfg = Debug|Any CPU
		{6592F96B-D971-4DB9-A107-406F6FDECB6C}.Debug|Any CPU.Build.0 = Debug|Any CPU
		{6592F96B-D971-4DB9-A107-406F6FDECB6C}.Release|Any CPU.ActiveCfg = Release|Any CPU
		{6592F96B-D971-4DB9-A107-406F6FDECB6C}.Release|Any CPU.Build.0 = Release|Any CPU
		{E4F33127-33F6-4BC6-BF4D-4FFE558576B4}.Debug|Any CPU.ActiveCfg = Debug|Any CPU
		{E4F33127-33F6-4BC6-BF4D-4FFE558576B4}.Debug|Any CPU.Build.0 = Debug|Any CPU
		{E4F33127-33F6-4BC6-BF4D-4FFE558576B4}.Release|Any CPU.ActiveCfg = Release|Any CPU
		{E4F33127-33F6-4BC6-BF4D-4FFE558576B4}.Release|Any CPU.Build.0 = Release|Any CPU
		{A6D4B007-4595-42A9-BA43-6273D084BA95}.Debug|Any CPU.ActiveCfg = Debug|Any CPU
		{A6D4B007-4595-42A9-BA43-6273D084BA95}.Debug|Any CPU.Build.0 = Debug|Any CPU
		{A6D4B007-4595-42A9-BA43-6273D084BA95}.Release|Any CPU.ActiveCfg = Release|Any CPU
		{A6D4B007-4595-42A9-BA43-6273D084BA95}.Release|Any CPU.Build.0 = Release|Any CPU
	EndGlobalSection
	GlobalSection(SolutionProperties) = preSolution
		HideSolutionNode = FALSE
	EndGlobalSection
	GlobalSection(ExtensibilityGlobals) = postSolution
		SolutionGuid = {5FF831C7-A688-4FB8-AAFD-307C6AFD7CA7}
	EndGlobalSection
EndGlobal
